Microsoft Visual Studio Solution File, Format Version 11.00
# Visual Studio 2008

Project("{39D81802-B59A-A9B0-ABD4-BBFB590B4ED3}") = "Game-and-Interaction-Design", "Assembly-CSharp.csproj", "{C7B99D44-0E83-F2D6-1F5B-34C5B02423D7}"
EndProject
Global
	GlobalSection(SolutionConfigurationPlatforms) = preSolution
		Debug|Any CPU = Debug|Any CPU
		Release|Any CPU = Release|Any CPU
	EndGlobalSection
	GlobalSection(ProjectConfigurationPlatforms) = postSolution
		{C7B99D44-0E83-F2D6-1F5B-34C5B02423D7}.Debug|Any CPU.ActiveCfg = Debug|Any CPU
		{C7B99D44-0E83-F2D6-1F5B-34C5B02423D7}.Debug|Any CPU.Build.0 = Debug|Any CPU
		{C7B99D44-0E83-F2D6-1F5B-34C5B02423D7}.Release|Any CPU.ActiveCfg = Release|Any CPU
		{C7B99D44-0E83-F2D6-1F5B-34C5B02423D7}.Release|Any CPU.Build.0 = Release|Any CPU
	EndGlobalSection
	GlobalSection(SolutionProperties) = preSolution
		HideSolutionNode = FALSE
	EndGlobalSection
	GlobalSection(MonoDevelopProperties) = preSolution
		StartupItem = Assembly-CSharp.csproj
	EndGlobalSection
EndGlobal
